<?xml version="1.0" encoding="utf-8"?>
<Project ToolsVersion="4.0" xmlns="http://schemas.microsoft.com/developer/msbuild/2003">
  <ItemGroup>
    <ClCompile Include="src\Almond\Log.cpp" />
    <ClCompile Include="src\aepch.cpp" />
    <ClCompile Include="src\Almond\Application.cpp">
      <Filter>Soruce</Filter>
    </ClCompile>
    <ClCompile Include="src\Almond\CodeTimer.cpp">
      <Filter>Soruce</Filter>
    </ClCompile>
  </ItemGroup>
  <ItemGroup>
    <ClInclude Include="src\Almond.h" />
    <ClInclude Include="src\Almond\Log.h" />
    <ClInclude Include="src\aepch.h" />
    <ClInclude Include="src\Almond\Events\KeyboardEvent.h">
      <Filter>Soruce</Filter>
    </ClInclude>
    <ClInclude Include="src\Almond\Application.h">
      <Filter>Soruce</Filter>
    </ClInclude>
    <ClInclude Include="src\Almond\CodeTimer.h">
      <Filter>Soruce</Filter>
    </ClInclude>
    <ClInclude Include="src\Almond\Core.h">
      <Filter>Soruce</Filter>
    </ClInclude>
    <ClInclude Include="src\Almond\EntryPoint.h">
      <Filter>Soruce</Filter>
    </ClInclude>
    <ClInclude Include="src\Almond\Events\Event.h">
      <Filter>Soruce</Filter>
    </ClInclude>
  </ItemGroup>
  <ItemGroup>
    <Filter Include="Soruce">
      <UniqueIdentifier>{d73e36ba-f212-4178-bd1e-5773e3811a07}</UniqueIdentifier>
    </Filter>
  </ItemGroup>
</Project>